
Microsoft Visual Studio Solution File, Format Version 12.00
# Visual Studio 15
VisualStudioVersion = 15.0.28307.1738
MinimumVisualStudioVersion = 10.0.40219.1
Project("{FAE04EC0-301F-11D3-BF4B-00C04F79EFBC}") = "Masks", "Masks\Masks.csproj", "{B81349CC-C19B-440A-BC45-9C2798FDDB5B}"
EndProject
Global
	GlobalSection(SolutionConfigurationPlatforms) = preSolution
		Debug|Any CPU = Debug|Any CPU
		Release|Any CPU = Release|Any CPU
	EndGlobalSection
	GlobalSection(ProjectConfigurationPlatforms) = postSolution
		{B81349CC-C19B-440A-BC45-9C2798FDDB5B}.Debug|Any CPU.ActiveCfg = Debug|Any CPU
		{B81349CC-C19B-440A-BC45-9C2798FDDB5B}.Debug|Any CPU.Build.0 = Debug|Any CPU
		{B81349CC-C19B-440A-BC45-9C2798FDDB5B}.Release|Any CPU.ActiveCfg = Release|Any CPU
		{B81349CC-C19B-440A-BC45-9C2798FDDB5B}.Release|Any CPU.Build.0 = Release|Any CPU
	EndGlobalSection
	GlobalSection(SolutionProperties) = preSolution
		HideSolutionNode = FALSE
	EndGlobalSection
	GlobalSection(ExtensibilityGlobals) = postSolution
		SolutionGuid = {A4BD449D-313D-4F16-A893-1028BF9D033F}
	EndGlobalSection
EndGlobal
